
Microsoft Visual Studio Solution File, Format Version 12.00
# Visual Studio 15
VisualStudioVersion = 15.0.27004.2006
MinimumVisualStudioVersion = 10.0.40219.1
Project("{FAE04EC0-301F-11D3-BF4B-00C04F79EFBC}") = "Gorila", "Gorila\Gorila.csproj", "{B862A0E4-D659-4334-96AC-D6AF6FEC3D09}"
EndProject
Global
	GlobalSection(SolutionConfigurationPlatforms) = preSolution
		Debug|Any CPU = Debug|Any CPU
		Release|Any CPU = Release|Any CPU
	EndGlobalSection
	GlobalSection(ProjectConfigurationPlatforms) = postSolution
		{B862A0E4-D659-4334-96AC-D6AF6FEC3D09}.Debug|Any CPU.ActiveCfg = Debug|Any CPU
		{B862A0E4-D659-4334-96AC-D6AF6FEC3D09}.Debug|Any CPU.Build.0 = Debug|Any CPU
		{B862A0E4-D659-4334-96AC-D6AF6FEC3D09}.Release|Any CPU.ActiveCfg = Release|Any CPU
		{B862A0E4-D659-4334-96AC-D6AF6FEC3D09}.Release|Any CPU.Build.0 = Release|Any CPU
	EndGlobalSection
	GlobalSection(SolutionProperties) = preSolution
		HideSolutionNode = FALSE
	EndGlobalSection
	GlobalSection(ExtensibilityGlobals) = postSolution
		SolutionGuid = {4D1B5794-2D01-4F57-A62C-DCA8F1F0250E}
	EndGlobalSection
EndGlobal
